{
    "_readme": [
        "This file locks the dependencies of your project to a known state",
        "Read more about it at https://getcomposer.org/doc/01-basic-usage.md#installing-dependencies",
        "This file is @generated automatically"
    ],
    "content-hash": "0cd583a485e7b26521fef424aca262a7",
    "packages": [
        {
            "name": "iugu/iugu",
            "version": "1.0.6",
            "source": {
                "type": "git",
                "url": "https://github.com/iugu/iugu-php.git",
                "reference": "e22635ca112d2a5b003372d966261314135257ed"
            },
            "dist": {
                "type": "zip",
                "url": "https://api.github.com/repos/iugu/iugu-php/zipball/e22635ca112d2a5b003372d966261314135257ed",
                "reference": "e22635ca112d2a5b003372d966261314135257ed",
                "shasum": ""
            },
            "require": {
                "ext-curl": "*",
                "ext-json": "*",
                "ext-mbstring": "*",
                "php": ">=5.2"
            },
            "require-dev": {
                "simpletest/simpletest": "1.1.5"
            },
            "type": "library",
            "autoload": {
                "classmap": [
                    "lib/Iugu/"
                ]
            },
            "notification-url": "https://packagist.org/downloads/",
            "license": [
                "MIT"
            ],
            "authors": [
                {
                    "name": "Iugu team and contributors",
                    "homepage": "https://github.com/iugu/iugu-php/contributors"
                }
            ],
            "description": "iugu PHP Library",
            "homepage": "https://iugu.com",
            "keywords": [
                "api",
                "iugu",
                "pagamentos"
            ],
            "time": "2015-11-25T10:36:10+00:00"
        }
    ],
    "packages-dev": [],
    "aliases": [],
    "minimum-stability": "dev",
    "stability-flags": [],
    "prefer-stable": true,
    "prefer-lowest": false,
    "platform": {
        "php": ">=7.0.33"
    },
    "platform-dev": []
}
